// !$*UTF8*$!
{
	archiveVersion = 1;
	classes = {
	};
	objectVersion = 46;
	objects = {

/* Begin PBXBuildFile section */
		ED2827C81DC8388700CAD613 /* AppDelegate.swift in Sources */ = {isa = PBXBuildFile; fileRef = ED2827C71DC8388700CAD613 /* AppDelegate.swift */; };
		ED2827CA1DC8388700CAD613 /* ViewController.swift in Sources */ = {isa = PBXBuildFile; fileRef = ED2827C91DC8388700CAD613 /* ViewController.swift */; };
		ED2827CD1DC8388700CAD613 /* Main.storyboard in Resources */ = {isa = PBXBuildFile; fileRef = ED2827CB1DC8388700CAD613 /* Main.storyboard */; };
		ED2827CF1DC8388700CAD613 /* Assets.xcassets in Resources */ = {isa = PBXBuildFile; fileRef = ED2827CE1DC8388700CAD613 /* Assets.xcassets */; };
		ED2827D21DC8388700CAD613 /* LaunchScreen.storyboard in Resources */ = {isa = PBXBuildFile; fileRef = ED2827D01DC8388700CAD613 /* LaunchScreen.storyboard */; };
		ED2827DD1DC8388700CAD613 /* NimbleRideTests.swift in Sources */ = {isa = PBXBuildFile; fileRef = ED2827DC1DC8388700CAD613 /* NimbleRideTests.swift */; };
		ED2827E81DC8388700CAD613 /* NimbleRideUITests.swift in Sources */ = {isa = PBXBuildFile; fileRef = ED2827E71DC8388700CAD613 /* NimbleRideUITests.swift */; };
/* End PBXBuildFile section */

/* Begin PBXContainerItemProxy section */
		ED2827D91DC8388700CAD613 /* PBXContainerItemProxy */ = {
			isa = PBXContainerItemProxy;
			containerPortal = ED2827BC1DC8388700CAD613 /* Project object */;
			proxyType = 1;
			remoteGlobalIDString = ED2827C31DC8388700CAD613;
			remoteInfo = NimbleRide;
		};
		ED2827E41DC8388700CAD613 /* PBXContainerItemProxy */ = {
			isa = PBXContainerItemProxy;
			containerPortal = ED2827BC1DC8388700CAD613 /* Project object */;
			proxyType = 1;
			remoteGlobalIDString = ED2827C31DC8388700CAD613;
			remoteInfo = NimbleRide;
		};
/* End PBXContainerItemProxy section */

/* Begin PBXFileReference section */
		ED2827C41DC8388700CAD613 /* NimbleRide.app */ = {isa = PBXFileReference; explicitFileType = wrapper.application; includeInIndex = 0; path = NimbleRide.app; sourceTree = BUILT_PRODUCTS_DIR; };
		ED2827C71DC8388700CAD613 /* AppDelegate.swift */ = {isa = PBXFileReference; lastKnownFileType = sourcecode.swift; path = AppDelegate.swift; sourceTree = "<group>"; };
		ED2827C91DC8388700CAD613 /* ViewController.swift */ = {isa = PBXFileReference; lastKnownFileType = sourcecode.swift; path = ViewController.swift; sourceTree = "<group>"; };
		ED2827CC1DC8388700CAD613 /* Base */ = {isa = PBXFileReference; lastKnownFileType = file.storyboard; name = Base; path = Base.lproj/Main.storyboard; sourceTree = "<group>"; };
		ED2827CE1DC8388700CAD613 /* Assets.xcassets */ = {isa = PBXFileReference; lastKnownFileType = folder.assetcatalog; path = Assets.xcassets; sourceTree = "<group>"; };
		ED2827D11DC8388700CAD613 /* Base */ = {isa = PBXFileReference; lastKnownFileType = file.storyboard; name = Base; path = Base.lproj/LaunchScreen.storyboard; sourceTree = "<group>"; };
		ED2827D31DC8388700CAD613 /* Info.plist */ = {isa = PBXFileReference; lastKnownFileType = text.plist.xml; path = Info.plist; sourceTree = "<group>"; };
		ED2827D81DC8388700CAD613 /* NimbleRideTests.xctest */ = {isa = PBXFileReference; explicitFileType = wrapper.cfbundle; includeInIndex = 0; path = NimbleRideTests.xctest; sourceTree = BUILT_PRODUCTS_DIR; };
		ED2827DC1DC8388700CAD613 /* NimbleRideTests.swift */ = {isa = PBXFileReference; lastKnownFileType = sourcecode.swift; path = NimbleRideTests.swift; sourceTree = "<group>"; };
		ED2827DE1DC8388700CAD613 /* Info.plist */ = {isa = PBXFileReference; lastKnownFileType = text.plist.xml; path = Info.plist; sourceTree = "<group>"; };
		ED2827E31DC8388700CAD613 /* NimbleRideUITests.xctest */ = {isa = PBXFileReference; explicitFileType = wrapper.cfbundle; includeInIndex = 0; path = NimbleRideUITests.xctest; sourceTree = BUILT_PRODUCTS_DIR; };
		ED2827E71DC8388700CAD613 /* NimbleRideUITests.swift */ = {isa = PBXFileReference; lastKnownFileType = sourcecode.swift; path = NimbleRideUITests.swift; sourceTree = "<group>"; };
		ED2827E91DC8388700CAD613 /* Info.plist */ = {isa = PBXFileReference; lastKnownFileType = text.plist.xml; path = Info.plist; sourceTree = "<group>"; };
/* End PBXFileReference section */

/* Begin PBXFrameworksBuildPhase section */
		ED2827C11DC8388700CAD613 /* Frameworks */ = {
			isa = PBXFrameworksBuildPhase;
			buildActionMask = 2147483647;
			files = (
			);
			runOnlyForDeploymentPostprocessing = 0;
		};
		ED2827D51DC8388700CAD613 /* Frameworks */ = {
			isa = PBXFrameworksBuildPhase;
			buildActionMask = 2147483647;
			files = (
			);
			runOnlyForDeploymentPostprocessing = 0;
		};
		ED2827E01DC8388700CAD613 /* Frameworks */ = {
			isa = PBXFrameworksBuildPhase;
			buildActionMask = 2147483647;
			files = (
			);
			runOnlyForDeploymentPostprocessing = 0;
		};
/* End PBXFrameworksBuildPhase section */

/* Begin PBXGroup section */
		ED2827BB1DC8388700CAD613 = {
			isa = PBXGroup;
			children = (
				ED2827C61DC8388700CAD613 /* NimbleRide */,
				ED2827DB1DC8388700CAD613 /* NimbleRideTests */,
				ED2827E61DC8388700CAD613 /* NimbleRideUITests */,
				ED2827C51DC8388700CAD613 /* Products */,
			);
			sourceTree = "<group>";
		};
		ED2827C51DC8388700CAD613 /* Products */ = {
			isa = PBXGroup;
			children = (
				ED2827C41DC8388700CAD613 /* NimbleRide.app */,
				ED2827D81DC8388700CAD613 /* NimbleRideTests.xctest */,
				ED2827E31DC8388700CAD613 /* NimbleRideUITests.xctest */,
			);
			name = Products;
			sourceTree = "<group>";
		};
		ED2827C61DC8388700CAD613 /* NimbleRide */ = {
			isa = PBXGroup;
			children = (
				ED2827C71DC8388700CAD613 /* AppDelegate.swift */,
				ED2827C91DC8388700CAD613 /* ViewController.swift */,
				ED2827CB1DC8388700CAD613 /* Main.storyboard */,
				ED2827CE1DC8388700CAD613 /* Assets.xcassets */,
				ED2827D01DC8388700CAD613 /* LaunchScreen.storyboard */,
				ED2827D31DC8388700CAD613 /* Info.plist */,
			);
			path = NimbleRide;
			sourceTree = "<group>";
		};
		ED2827DB1DC8388700CAD613 /* NimbleRideTests */ = {
			isa = PBXGroup;
			children = (
				ED2827DC1DC8388700CAD613 /* NimbleRideTests.swift */,
				ED2827DE1DC8388700CAD613 /* Info.plist */,
			);
			path = NimbleRideTests;
			sourceTree = "<group>";
		};
		ED2827E61DC8388700CAD613 /* NimbleRideUITests */ = {
			isa = PBXGroup;
			children = (
				ED2827E71DC8388700CAD613 /* NimbleRideUITests.swift */,
				ED2827E91DC8388700CAD613 /* Info.plist */,
			);
			path = NimbleRideUITests;
			sourceTree = "<group>";
		};
/* End PBXGroup section */

/* Begin PBXNativeTarget section */
		ED2827C31DC8388700CAD613 /* NimbleRide */ = {
			isa = PBXNativeTarget;
			buildConfigurationList = ED2827EC1DC8388700CAD613 /* Build configuration list for PBXNativeTarget "NimbleRide" */;
			buildPhases = (
				ED2827C01DC8388700CAD613 /* Sources */,
				ED2827C11DC8388700CAD613 /* Frameworks */,
				ED2827C21DC8388700CAD613 /* Resources */,
			);
			buildRules = (
			);
			dependencies = (
			);
			name = NimbleRide;
			productName = NimbleRide;
			productReference = ED2827C41DC8388700CAD613 /* NimbleRide.app */;
			productType = "com.apple.product-type.application";
		};
		ED2827D71DC8388700CAD613 /* NimbleRideTests */ = {
			isa = PBXNativeTarget;
			buildConfigurationList = ED2827EF1DC8388700CAD613 /* Build configuration list for PBXNativeTarget "NimbleRideTests" */;
			buildPhases = (
				ED2827D41DC8388700CAD613 /* Sources */,
				ED2827D51DC8388700CAD613 /* Frameworks */,
				ED2827D61DC8388700CAD613 /* Resources */,
			);
			buildRules = (
			);
			dependencies = (
				ED2827DA1DC8388700CAD613 /* PBXTargetDependency */,
			);
			name = NimbleRideTests;
			productName = NimbleRideTests;
			productReference = ED2827D81DC8388700CAD613 /* NimbleRideTests.xctest */;
			productType = "com.apple.product-type.bundle.unit-test";
		};
		ED2827E21DC8388700CAD613 /* NimbleRideUITests */ = {
			isa = PBXNativeTarget;
			buildConfigurationList = ED2827F21DC8388700CAD613 /* Build configuration list for PBXNativeTarget "NimbleRideUITests" */;
			buildPhases = (
				ED2827DF1DC8388700CAD613 /* Sources */,
				ED2827E01DC8388700CAD613 /* Frameworks */,
				ED2827E11DC8388700CAD613 /* Resources */,
			);
			buildRules = (
			);
			dependencies = (
				ED2827E51DC8388700CAD613 /* PBXTargetDependency */,
			);
			name = NimbleRideUITests;
			productName = NimbleRideUITests;
			productReference = ED2827E31DC8388700CAD613 /* NimbleRideUITests.xctest */;
			productType = "com.apple.product-type.bundle.ui-testing";
		};
/* End PBXNativeTarget section */

/* Begin PBXProject section */
		ED2827BC1DC8388700CAD613 /* Project object */ = {
			isa = PBXProject;
			attributes = {
				LastSwiftUpdateCheck = 0800;
				LastUpgradeCheck = 0800;
				ORGANIZATIONNAME = "Alejandro Puente";
				TargetAttributes = {
					ED2827C31DC8388700CAD613 = {
						CreatedOnToolsVersion = 8.0;
						DevelopmentTeam = 97E8A4AYGV;
						ProvisioningStyle = Automatic;
					};
					ED2827D71DC8388700CAD613 = {
						CreatedOnToolsVersion = 8.0;
						DevelopmentTeam = 97E8A4AYGV;
						ProvisioningStyle = Automatic;
						TestTargetID = ED2827C31DC8388700CAD613;
					};
					ED2827E21DC8388700CAD613 = {
						CreatedOnToolsVersion = 8.0;
						DevelopmentTeam = 97E8A4AYGV;
						ProvisioningStyle = Automatic;
						TestTargetID = ED2827C31DC8388700CAD613;
					};
				};
			};
			buildConfigurationList = ED2827BF1DC8388700CAD613 /* Build configuration list for PBXProject "NimbleRide" */;
			compatibilityVersion = "Xcode 3.2";
			developmentRegion = English;
			hasScannedForEncodings = 0;
			knownRegions = (
				en,
				Base,
			);
			mainGroup = ED2827BB1DC8388700CAD613;
			productRefGroup = ED2827C51DC8388700CAD613 /* Products */;
			projectDirPath = "";
			projectRoot = "";
			targets = (
				ED2827C31DC8388700CAD613 /* NimbleRide */,
				ED2827D71DC8388700CAD613 /* NimbleRideTests */,
				ED2827E21DC8388700CAD613 /* NimbleRideUITests */,
			);
		};
/* End PBXProject section */

/* Begin PBXResourcesBuildPhase section */
		ED2827C21DC8388700CAD613 /* Resources */ = {
			isa = PBXResourcesBuildPhase;
			buildActionMask = 2147483647;
			files = (
				ED2827D21DC8388700CAD613 /* LaunchScreen.storyboard in Resources */,
				ED2827CF1DC8388700CAD613 /* Assets.xcassets in Resources */,
				ED2827CD1DC8388700CAD613 /* Main.storyboard in Resources */,
			);
			runOnlyForDeploymentPostprocessing = 0;
		};
		ED2827D61DC8388700CAD613 /* Resources */ = {
			isa = PBXResourcesBuildPhase;
			buildActionMask = 2147483647;
			files = (
			);
			runOnlyForDeploymentPostprocessing = 0;
		};
		ED2827E11DC8388700CAD613 /* Resources */ = {
			isa = PBXResourcesBuildPhase;
			buildActionMask = 2147483647;
			files = (
			);
			runOnlyForDeploymentPostprocessing = 0;
		};
/* End PBXResourcesBuildPhase section */

/* Begin PBXSourcesBuildPhase section */
		ED2827C01DC8388700CAD613 /* Sources */ = {
			isa = PBXSourcesBuildPhase;
			buildActionMask = 2147483647;
			files = (
				ED2827CA1DC8388700CAD613 /* ViewController.swift in Sources */,
				ED2827C81DC8388700CAD613 /* AppDelegate.swift in Sources */,
			);
			runOnlyForDeploymentPostprocessing = 0;
		};
		ED2827D41DC8388700CAD613 /* Sources */ = {
			isa = PBXSourcesBuildPhase;
			buildActionMask = 2147483647;
			files = (
				ED2827DD1DC8388700CAD613 /* NimbleRideTests.swift in Sources */,
			);
			runOnlyForDeploymentPostprocessing = 0;
		};
		ED2827DF1DC8388700CAD613 /* Sources */ = {
			isa = PBXSourcesBuildPhase;
			buildActionMask = 2147483647;
			files = (
				ED2827E81DC8388700CAD613 /* NimbleRideUITests.swift in Sources */,
			);
			runOnlyForDeploymentPostprocessing = 0;
		};
/* End PBXSourcesBuildPhase section */

/* Begin PBXTargetDependency section */
		ED2827DA1DC8388700CAD613 /* PBXTargetDependency */ = {
			isa = PBXTargetDependency;
			target = ED2827C31DC8388700CAD613 /* NimbleRide */;
			targetProxy = ED2827D91DC8388700CAD613 /* PBXContainerItemProxy */;
		};
		ED2827E51DC8388700CAD613 /* PBXTargetDependency */ = {
			isa = PBXTargetDependency;
			target = ED2827C31DC8388700CAD613 /* NimbleRide */;
			targetProxy = ED2827E41DC8388700CAD613 /* PBXContainerItemProxy */;
		};
/* End PBXTargetDependency section */

/* Begin PBXVariantGroup section */
		ED2827CB1DC8388700CAD613 /* Main.storyboard */ = {
			isa = PBXVariantGroup;
			children = (
				ED2827CC1DC8388700CAD613 /* Base */,
			);
			name = Main.storyboard;
			sourceTree = "<group>";
		};
		ED2827D01DC8388700CAD613 /* LaunchScreen.storyboard */ = {
			isa = PBXVariantGroup;
			children = (
				ED2827D11DC8388700CAD613 /* Base */,
			);
			name = LaunchScreen.storyboard;
			sourceTree = "<group>";
		};
/* End PBXVariantGroup section */

/* Begin XCBuildConfiguration section */
		ED2827EA1DC8388700CAD613 /* Debug */ = {
			isa = XCBuildConfiguration;
			buildSettings = {
				ALWAYS_SEARCH_USER_PATHS = NO;
				CLANG_ANALYZER_NONNULL = YES;
				CLANG_CXX_LANGUAGE_STANDARD = "gnu++0x";
				CLANG_CXX_LIBRARY = "libc++";
				CLANG_ENABLE_MODULES = YES;
				CLANG_ENABLE_OBJC_ARC = YES;
				CLANG_WARN_BOOL_CONVERSION = YES;
				CLANG_WARN_CONSTANT_CONVERSION = YES;
				CLANG_WARN_DIRECT_OBJC_ISA_USAGE = YES_ERROR;
				CLANG_WARN_DOCUMENTATION_COMMENTS = YES;
				CLANG_WARN_EMPTY_BODY = YES;
				CLANG_WARN_ENUM_CONVERSION = YES;
				CLANG_WARN_INFINITE_RECURSION = YES;
				CLANG_WARN_INT_CONVERSION = YES;
				CLANG_WARN_OBJC_ROOT_CLASS = YES_ERROR;
				CLANG_WARN_SUSPICIOUS_MOVES = YES;
				CLANG_WARN_UNREACHABLE_CODE = YES;
				CLANG_WARN__DUPLICATE_METHOD_MATCH = YES;
				"CODE_SIGN_IDENTITY[sdk=iphoneos*]" = "iPhone Developer";
				COPY_PHASE_STRIP = NO;
				DEBUG_INFORMATION_FORMAT = dwarf;
				ENABLE_STRICT_OBJC_MSGSEND = YES;
				ENABLE_TESTABILITY = YES;
				GCC_C_LANGUAGE_STANDARD = gnu99;
				GCC_DYNAMIC_NO_PIC = NO;
				GCC_NO_COMMON_BLOCKS = YES;
				GCC_OPTIMIZATION_LEVEL = 0;
				GCC_PREPROCESSOR_DEFINITIONS = (
					"DEBUG=1",
					"$(inherited)",
				);
				GCC_WARN_64_TO_32_BIT_CONVERSION = YES;
				GCC_WARN_ABOUT_RETURN_TYPE = YES_ERROR;
				GCC_WARN_UNDECLARED_SELECTOR = YES;
				GCC_WARN_UNINITIALIZED_AUTOS = YES_AGGRESSIVE;
				GCC_WARN_UNUSED_FUNCTION = YES;
				GCC_WARN_UNUSED_VARIABLE = YES;
				IPHONEOS_DEPLOYMENT_TARGET = 10.0;
				MTL_ENABLE_DEBUG_INFO = YES;
				ONLY_ACTIVE_ARCH = YES;
				SDKROOT = iphoneos;
				SWIFT_ACTIVE_COMPILATION_CONDITIONS = DEBUG;
				SWIFT_OPTIMIZATION_LEVEL = "-Onone";
				TARGETED_DEVICE_FAMILY = "1,2";
			};
			name = Debug;
		};
		ED2827EB1DC8388700CAD613 /* Release */ = {
			isa = XCBuildConfiguration;
			buildSettings = {
				ALWAYS_SEARCH_USER_PATHS = NO;
				CLANG_ANALYZER_NONNULL = YES;
				CLANG_CXX_LANGUAGE_STANDARD = "gnu++0x";
				CLANG_CXX_LIBRARY = "libc++";
				CLANG_ENABLE_MODULES = YES;
				CLANG_ENABLE_OBJC_ARC = YES;
				CLANG_WARN_BOOL_CONVERSION = YES;
				CLANG_WARN_CONSTANT_CONVERSION = YES;
				CLANG_WARN_DIRECT_OBJC_ISA_USAGE = YES_ERROR;
				CLANG_WARN_DOCUMENTATION_COMMENTS = YES;
				CLANG_WARN_EMPTY_BODY = YES;
				CLANG_WARN_ENUM_CONVERSION = YES;
				CLANG_WARN_INFINITE_RECURSION = YES;
				CLANG_WARN_INT_CONVERSION = YES;
				CLANG_WARN_OBJC_ROOT_CLASS = YES_ERROR;
				CLANG_WARN_SUSPICIOUS_MOVES = YES;
				CLANG_WARN_UNREACHABLE_CODE = YES;
				CLANG_WARN__DUPLICATE_METHOD_MATCH = YES;
				"CODE_SIGN_IDENTITY[sdk=iphoneos*]" = "iPhone Developer";
				COPY_PHASE_STRIP = NO;
				DEBUG_INFORMATION_FORMAT = "dwarf-with-dsym";
				ENABLE_NS_ASSERTIONS = NO;
				ENABLE_STRICT_OBJC_MSGSEND = YES;
				GCC_C_LANGUAGE_STANDARD = gnu99;
				GCC_NO_COMMON_BLOCKS = YES;
				GCC_WARN_64_TO_32_BIT_CONVERSION = YES;
				GCC_WARN_ABOUT_RETURN_TYPE = YES_ERROR;
				GCC_WARN_UNDECLARED_SELECTOR = YES;
				GCC_WARN_UNINITIALIZED_AUTOS = YES_AGGRESSIVE;
				GCC_WARN_UNUSED_FUNCTION = YES;
				GCC_WARN_UNUSED_VARIABLE = YES;
				IPHONEOS_DEPLOYMENT_TARGET = 10.0;
				MTL_ENABLE_DEBUG_INFO = NO;
				SDKROOT = iphoneos;
				SWIFT_OPTIMIZATION_LEVEL = "-Owholemodule";
				TARGETED_DEVICE_FAMILY = "1,2";
				VALIDATE_PRODUCT = YES;
			};
			name = Release;
		};
		ED2827ED1DC8388700CAD613 /* Debug */ = {
			isa = XCBuildConfiguration;
			buildSettings = {
				ASSETCATALOG_COMPILER_APPICON_NAME = AppIcon;
				DEVELOPMENT_TEAM = 97E8A4AYGV;
				INFOPLIST_FILE = NimbleRide/Info.plist;
				LD_RUNPATH_SEARCH_PATHS = "$(inherited) @executable_path/Frameworks";
				PRODUCT_BUNDLE_IDENTIFIER = noneForNow.NimbleRide;
				PRODUCT_NAME = "$(TARGET_NAME)";
				SWIFT_VERSION = 3.0;
			};
			name = Debug;
		};
		ED2827EE1DC8388700CAD613 /* Release */ = {
			isa = XCBuildConfiguration;
			buildSettings = {
				ASSETCATALOG_COMPILER_APPICON_NAME = AppIcon;
				DEVELOPMENT_TEAM = 97E8A4AYGV;
				INFOPLIST_FILE = NimbleRide/Info.plist;
				LD_RUNPATH_SEARCH_PATHS = "$(inherited) @executable_path/Frameworks";
				PRODUCT_BUNDLE_IDENTIFIER = noneForNow.NimbleRide;
				PRODUCT_NAME = "$(TARGET_NAME)";
				SWIFT_VERSION = 3.0;
			};
			name = Release;
		};
		ED2827F01DC8388700CAD613 /* Debug */ = {
			isa = XCBuildConfiguration;
			buildSettings = {
				ALWAYS_EMBED_SWIFT_STANDARD_LIBRARIES = YES;
				BUNDLE_LOADER = "$(TEST_HOST)";
				DEVELOPMENT_TEAM = 97E8A4AYGV;
				INFOPLIST_FILE = NimbleRideTests/Info.plist;
				LD_RUNPATH_SEARCH_PATHS = "$(inherited) @executable_path/Frameworks @loader_path/Frameworks";
				PRODUCT_BUNDLE_IDENTIFIER = noneForNow.NimbleRideTests;
				PRODUCT_NAME = "$(TARGET_NAME)";
				SWIFT_VERSION = 3.0;
				TEST_HOST = "$(BUILT_PRODUCTS_DIR)/NimbleRide.app/NimbleRide";
			};
			name = Debug;
		};
		ED2827F11DC8388700CAD613 /* Release */ = {
			isa = XCBuildConfiguration;
			buildSettings = {
				ALWAYS_EMBED_SWIFT_STANDARD_LIBRARIES = YES;
				BUNDLE_LOADER = "$(TEST_HOST)";
				DEVELOPMENT_TEAM = 97E8A4AYGV;
				INFOPLIST_FILE = NimbleRideTests/Info.plist;
				LD_RUNPATH_SEARCH_PATHS = "$(inherited) @executable_path/Frameworks @loader_path/Frameworks";
				PRODUCT_BUNDLE_IDENTIFIER = noneForNow.NimbleRideTests;
				PRODUCT_NAME = "$(TARGET_NAME)";
				SWIFT_VERSION = 3.0;
				TEST_HOST = "$(BUILT_PRODUCTS_DIR)/NimbleRide.app/NimbleRide";
			};
			name = Release;
		};
		ED2827F31DC8388700CAD613 /* Debug */ = {
			isa = XCBuildConfiguration;
			buildSettings = {
				ALWAYS_EMBED_SWIFT_STANDARD_LIBRARIES = YES;
				DEVELOPMENT_TEAM = 97E8A4AYGV;
				INFOPLIST_FILE = NimbleRideUITests/Info.plist;
				LD_RUNPATH_SEARCH_PATHS = "$(inherited) @executable_path/Frameworks @loader_path/Frameworks";
				PRODUCT_BUNDLE_IDENTIFIER = noneForNow.NimbleRideUITests;
				PRODUCT_NAME = "$(TARGET_NAME)";
				SWIFT_VERSION = 3.0;
				TEST_TARGET_NAME = NimbleRide;
			};
			name = Debug;
		};
		ED2827F41DC8388700CAD613 /* Release */ = {
			isa = XCBuildConfiguration;
			buildSettings = {
				ALWAYS_EMBED_SWIFT_STANDARD_LIBRARIES = YES;
				DEVELOPMENT_TEAM = 97E8A4AYGV;
				INFOPLIST_FILE = NimbleRideUITests/Info.plist;
				LD_RUNPATH_SEARCH_PATHS = "$(inherited) @executable_path/Frameworks @loader_path/Frameworks";
				PRODUCT_BUNDLE_IDENTIFIER = noneForNow.NimbleRideUITests;
				PRODUCT_NAME = "$(TARGET_NAME)";
				SWIFT_VERSION = 3.0;
				TEST_TARGET_NAME = NimbleRide;
			};
			name = Release;
		};
/* End XCBuildConfiguration section */

/* Begin XCConfigurationList section */
		ED2827BF1DC8388700CAD613 /* Build configuration list for PBXProject "NimbleRide" */ = {
			isa = XCConfigurationList;
			buildConfigurations = (
				ED2827EA1DC8388700CAD613 /* Debug */,
				ED2827EB1DC8388700CAD613 /* Release */,
			);
			defaultConfigurationIsVisible = 0;
			defaultConfigurationName = Release;
		};
		ED2827EC1DC8388700CAD613 /* Build configuration list for PBXNativeTarget "NimbleRide" */ = {
			isa = XCConfigurationList;
			buildConfigurations = (
				ED2827ED1DC8388700CAD613 /* Debug */,
				ED2827EE1DC8388700CAD613 /* Release */,
			);
			defaultConfigurationIsVisible = 0;
		};
		ED2827EF1DC8388700CAD613 /* Build configuration list for PBXNativeTarget "NimbleRideTests" */ = {
			isa = XCConfigurationList;
			buildConfigurations = (
				ED2827F01DC8388700CAD613 /* Debug */,
				ED2827F11DC8388700CAD613 /* Release */,
			);
			defaultConfigurationIsVisible = 0;
		};
		ED2827F21DC8388700CAD613 /* Build configuration list for PBXNativeTarget "NimbleRideUITests" */ = {
			isa = XCConfigurationList;
			buildConfigurations = (
				ED2827F31DC8388700CAD613 /* Debug */,
				ED2827F41DC8388700CAD613 /* Release */,
			);
			defaultConfigurationIsVisible = 0;
		};
/* End XCConfigurationList section */
	};
	rootObject = ED2827BC1DC8388700CAD613 /* Project object */;
}
